github.com/alecthomas/kong v0.2.17 h1:URDISCI96MIgcIlQyoCAlhOmrSw6pZScBNkctg8r0W0=
github.com/alecthomas/kong v0.2.17/go.mod h1:ka3VZ8GZNPXv9Ov+j4YNLkI8mTuhXyr/0ktSlqIydQQ=
github.com/alecthomas/kong v0.2.18 h1:H05f55eRO5f9gusObxgjpqKtozJNvniqMTuOPnf+2SQ=
github.com/alecthomas/kong v0.2.18/go.mod h1:ka3VZ8GZNPXv9Ov+j4YNLkI8mTuhXyr/0ktSlqIydQQ=
github.com/alecthomas/kong v0.6.1 h1:1kNhcFepkR+HmasQpbiKDLylIL8yh5B5y1zPp5bJimA=
github.com/alecthomas/kong v0.6.1/go.mod h1:JfHWDzLmbh/puW6I3V7uWenoh56YNVONW+w8eKeUr9I=
github.com/alecthomas/repr v0.0.0-20210801044451-80ca428c5142/go.mod h1:2kn6fqh/zIyPLmm3ugklbEi5hg5wS435eygvNfaDQL8=
github.com/aws/aws-sdk-go-v2 v1.6.0/go.mod h1:tI4KhsR5VkzlUa2DZAdwx7wCAYGwkZZ1H31PYrBFx1w=
github.com/aws/aws-sdk-go-v2 v1.10.0 h1:+dCJ5W2HiZNa4UtaIc5ljKNulm0dK0vS5dxb5LdDOAA=
github.com/aws/aws-sdk-go-v2 v1.10.0/go.mod h1:U/EyyVvKtzmFeQQcca7eBotKdlpcP2zzU6bXBYcf7CE=
github.com/aws/aws-sdk-go-v2 v1.11.0 h1:HxyD62DyNhCfiFGUHqJ/xITD6rAjJ7Dm/2nLxLmO4Ag=
github.com/aws/aws-sdk-go-v2 v1.11.0/go.mod h1:SQfA+m2ltnu1cA0soUkj4dRSsmITiVQUJvBIZjzfPyQ=
github.com/aws/aws-sdk-go-v2 v1.11.1 h1:GzvOVAdTbWxhEMRK4FfiblkGverOkAT0UodDxC1jHQM=
github.com/aws/aws-sdk-go-v2 v1.11.1/go.mod h1:SQfA+m2ltnu1cA0soUkj4dRSsmITiVQUJvBIZjzfPyQ=
github.com/aws/aws-sdk-go-v2 v1.11.2 h1:SDiCYqxdIYi6HgQfAWRhgdZrdnOuGyLDJVRSWLeHWvs=
github.com/aws/aws-sdk-go-v2 v1.11.2/go.mod h1:SQfA+m2ltnu1cA0soUkj4dRSsmITiVQUJvBIZjzfPyQ=
github.com/aws/aws-sdk-go-v2 v1.16.2 h1:fqlCk6Iy3bnCumtrLz9r3mJ/2gUT0pJ0wLFVIdWh+JA=
github.com/aws/aws-sdk-go-v2 v1.16.2/go.mod h1:ytwTPBG6fXTZLxxeeCCWj2/EMYp/xDUgX+OET6TLNNU=
github.com/aws/aws-sdk-go-v2 v1.16.7 h1:zfBwXus3u14OszRxGcqCDS4MfMCv10e8SMJ2r8Xm0Ns=
github.com/aws/aws-sdk-go-v2 v1.16.7/go.mod h1:6CpKuLXg2w7If3ABZCl/qZ6rEgwtjZTn4eAf4RcEyuw=
github.com/aws/aws-sdk-go-v2/config v1.3.0 h1:0JAnp0WcsgKilFLiZEScUTKIvTKa2LkicadZADza+u0=
github.com/aws/aws-sdk-go-v2/config v1.3.0/go.mod h1:lOxzHWDt/k7MMidA/K8DgXL4+ynnZYsDq65Qhs/l3dg=
github.com/aws/aws-sdk-go-v2/config v1.10.0 h1:4i+/7DmCQCAls5Z61giur0LOPZ3PXFwnSIw7hRamzws=
github.com/aws/aws-sdk-go-v2/config v1.10.0/go.mod h1:xuqoV5etD3N3B8Ts9je4ijgAv6mb+6NiOPFMUhwRcjA=
github.com/aws/aws-sdk-go-v2/config v1.10.2 h1:lrNnqRpPDgrozyKMnt5/Bhcv01kel7JO6KFx4VdroCY=
github.com/aws/aws-sdk-go-v2/config v1.10.2/go.mod h1:OY1jfuHozx6GDg+NITKNukVQi4fLlnenu1PAbDJg5fk=
github.com/aws/aws-sdk-go-v2/credentials v1.2.1 h1:AqQ8PzWll1wegNUOfIKcbp/JspTbJl54gNonrO6VUsY=
github.com/aws/aws-sdk-go-v2/credentials v1.2.1/go.mod h1:Rfvim1eZTC9W5s8YJyYYtl1KMk6e8fHv+wMRQGO4Ru0=
github.com/aws/aws-sdk-go-v2/credentials v1.6.0 h1:L3O6osQTlzLKRmiTphw2QJuD21EFapWCX4IipiRJhAE=
github.com/aws/aws-sdk-go-v2/credentials v1.6.0/go.mod h1:rQkYdQPDXRrvPLeEuCNwSgtwMzBo9eDGWlTNC69Sh/0=
github.com/aws/aws-sdk-go-v2/credentials v1.6.2 h1:2faRNX8JgZVy7dDxERkaGBqb/xo5Rgmc8JMPL5j1o58=
github.com/aws/aws-sdk-go-v2/credentials v1.6.2/go.mod h1:8kRH9fthlxHEeNJ3g1N3NTSUMBba+KtTM8hp6SvUWn8=
github.com/aws/aws-sdk-go-v2/feature/ec2/imds v1.1.1 h1:w1ocBIhQkLgupEB3d0uOuBddqVYl0xpubz7HSTzWG8A=
github.com/aws/aws-sdk-go-v2/feature/ec2/imds v1.1.1/go.mod h1:GTXAhrxHQOj9N+J5tYVjwt+rpRyy/42qLjlgw9pz1a0=
github.com/aws/aws-sdk-go-v2/feature/ec2/imds v1.8.0 h1:OpZjuUy8Jt3CA1WgJgBC5Bz+uOjE5Ppx4NFTRaooUuA=
github.com/aws/aws-sdk-go-v2/feature/ec2/imds v1.8.0/go.mod h1:5E1J3/TTYy6z909QNR0QnXGBpfESYGDqd3O0zqONghU=
github.com/aws/aws-sdk-go-v2/feature/ec2/imds v1.8.1 h1:pXwGBINU30CsjYztV/IyCgA7QKp99Q8wM4Gb0Ls3rB0=
github.com/aws/aws-sdk-go-v2/feature/ec2/imds v1.8.1/go.mod h1:MYiG3oeEcmrdBOV7JOIWhionzyRZJWCnByS5FmvhAoU=
github.com/aws/aws-sdk-go-v2/internal/configsources v1.1.0 h1:zY8cNmbBXt3pzjgWgdIbzpQ6qxoCwt+Nx9JbrAf2mbY=
github.com/aws/aws-sdk-go-v2/internal/configsources v1.1.0/go.mod h1:NO3Q5ZTTQtO2xIg2+xTXYDiT7knSejfeDm7WGDaOo0U=
github.com/aws/aws-sdk-go-v2/internal/configsources v1.1.1 h1:LZwqhOyqQ2w64PZk04V0Om9AEExtW8WMkCRoE1h9/94=
github.com/aws/aws-sdk-go-v2/internal/configsources v1.1.1/go.mod h1:22SEiBSQm5AyKEjoPcG1hzpeTI+m9CXfE6yt1h49wBE=
github.com/aws/aws-sdk-go-v2/internal/configsources v1.1.2 h1:XJLnluKuUxQG255zPNe+04izXl7GSyUVafIsgfv9aw4=
github.com/aws/aws-sdk-go-v2/internal/configsources v1.1.2/go.mod h1:SgKKNBIoDC/E1ZCDhhMW3yalWjwuLjMcpLzsM/QQnWo=
github.com/aws/aws-sdk-go-v2/internal/configsources v1.1.9 h1:onz/VaaxZ7Z4V+WIN9Txly9XLTmoOh1oJ8XcAC3pako=
github.com/aws/aws-sdk-go-v2/internal/configsources v1.1.9/go.mod h1:AnVH5pvai0pAF4lXRq0bmhbes1u9R8wTE+g+183bZNM=
github.com/aws/aws-sdk-go-v2/internal/configsources v1.1.14 h1:2C0pYHcUBmdzPj+EKNC4qj97oK6yjrUhc1KoSodglvk=
github.com/aws/aws-sdk-go-v2/internal/configsources v1.1.14/go.mod h1:kdjrMwHwrC3+FsKhNcCMJ7tUVj/8uSD5CZXeQ4wV6fM=
github.com/aws/aws-sdk-go-v2/internal/endpoints/v2 v2.0.0 h1:Z3aR/OXBnkYK9zXkNkfitHX6SmUBzSsx8VMHbH4Lvhw=
github.com/aws/aws-sdk-go-v2/internal/endpoints/v2 v2.0.0/go.mod h1:anlUzBoEWglcUxUQwZA7HQOEVEnQALVZsizAapB2hq8=
github.com/aws/aws-sdk-go-v2/internal/endpoints/v2 v2.0.1 h1:ObMfGNk0xjOWduPxsrRWVwZZia3e9fOcO6zlKCkt38s=
github.com/aws/aws-sdk-go-v2/internal/endpoints/v2 v2.0.1/go.mod h1:1xvCD+I5BcDuQUc+psZr7LI1a9pclAWZs3S3Gce5+lg=
github.com/aws/aws-sdk-go-v2/internal/endpoints/v2 v2.0.2 h1:EauRoYZVNPlidZSZJDscjJBQ22JhVF2+tdteatax2Ak=
github.com/aws/aws-sdk-go-v2/internal/endpoints/v2 v2.0.2/go.mod h1:xT4XX6w5Sa3dhg50JrYyy3e4WPYo/+WjY/BXtqXVunU=
github.com/aws/aws-sdk-go-v2/internal/endpoints/v2 v2.4.3 h1:9stUQR/u2KXU6HkFJYlqnZEjBnbgrVbG6I5HN09xZh0=
github.com/aws/aws-sdk-go-v2/internal/endpoints/v2 v2.4.3/go.mod h1:ssOhaLpRlh88H3UmEcsBoVKq309quMvm3Ds8e9d4eJM=
github.com/aws/aws-sdk-go-v2/internal/endpoints/v2 v2.4.8 h1:2J+jdlBJWEmTyAwC82Ym68xCykIvnSnIN18b8xHGlcc=
github.com/aws/aws-sdk-go-v2/internal/endpoints/v2 v2.4.8/go.mod h1:ZIV8GYoC6WLBW5KGs+o4rsc65/ozd+eQ0L31XF5VDwk=
github.com/aws/aws-sdk-go-v2/internal/ini v1.0.0 h1:k7I9E6tyVWBo7H9ffpnxDWudtjau6Qt9rnOYgV+ciEQ=
github.com/aws/aws-sdk-go-v2/internal/ini v1.0.0/go.mod h1:g3XMXuxvqSMUjnsXXp/960152w0wFS4CXVYgQaSVOHE=
github.com/aws/aws-sdk-go-v2/internal/ini v1.3.0 h1:c10Z7fWxtJCoyc8rv06jdh9xrKnu7bAJiRaKWvTb2mU=
github.com/aws/aws-sdk-go-v2/internal/ini v1.3.0/go.mod h1:6oXGy4GLpypD3uCh8wcqztigGgmhLToMfjavgh+VySg=
github.com/aws/aws-sdk-go-v2/internal/ini v1.3.1 h1:fdQSN/ieDwbxdj7ptvFKjS2cS2a91l/WdjacCt5GgTE=
github.com/aws/aws-sdk-go-v2/internal/ini v1.3.1/go.mod h1:5eEM4wZ6I2GaeOaVXsiJexIH4P1sFnK5Yp2Tlw9Ah3c=
github.com/aws/aws-sdk-go-v2/service/ec2 v1.20.0 h1:qvcoul6cfXEjiQMY1N43zaDui3FWsEpXLVxHlmWc3pk=
github.com/aws/aws-sdk-go-v2/service/ec2 v1.20.0/go.mod h1:P+gshV4VLT7jUbWALAhV9lXDyZ40R7E/Rvr2ryBqn2s=
github.com/aws/aws-sdk-go-v2/service/ec2 v1.21.0 h1:cWWnqN+luwYCpU4pq8DxPsjf2iq282sgbgGCrDiY4Zs=
github.com/aws/aws-sdk-go-v2/service/ec2 v1.21.0/go.mod h1:kK7lSKNwAqIMKVCTsfVcN82m8pvuPUf+6g/zrz/PnE0=
github.com/aws/aws-sdk-go-v2/service/ec2 v1.23.0 h1:ZZiG7Hol3Zjb7rGStw4QUuj4MAHBSdZjnt3D7+csgS8=
github.com/aws/aws-sdk-go-v2/service/ec2 v1.23.0/go.mod h1:Xv0jfvBUvJMRnYA5sX+VisekFtkWzD68qTW1VkvcrIo=
github.com/aws/aws-sdk-go-v2/service/ec2 v1.25.0 h1:IGQu0cPAeYsWz0neqt6FwYg7DED7Prz/fdQxq/PoWI0=
github.com/aws/aws-sdk-go-v2/service/ec2 v1.25.0/go.mod h1:cIbz+b70nxJafXf9lT07Xj03pef6CsVdYTCCR0DQEQc=
github.com/aws/aws-sdk-go-v2/service/ec2 v1.36.0 h1:Ze6YmJJTahoklUo77XO778iLhPcO4DT+83abk915sPo=
github.com/aws/aws-sdk-go-v2/service/ec2 v1.36.0/go.mod h1:37MWOQMGyj8lcranOwo716OHvJgeFJUOaWu6vk1pWNE=
github.com/aws/aws-sdk-go-v2/service/ec2 v1.47.2 h1:81hrDgbXHL44WdY6M/fHGXLlv17qTpOFzutXRVDEk3Y=
github.com/aws/aws-sdk-go-v2/service/ec2 v1.47.2/go.mod h1:VoBcwURHnJVCWuXHdqVuG03i2lUlHJ5DTTqDSyCdEcc=
github.com/aws/aws-sdk-go-v2/service/internal/presigned-url v1.1.1/go.mod h1:2+ehJPkdIdl46VCj67Emz/EH2hpebHZtaLdzqg+sWOI=
github.com/aws/aws-sdk-go-v2/service/internal/presigned-url v1.4.0 h1:/T5wKsw/po118HEDvnSE8YU7TESxvZbYM2rnn+Oi7Kk=
github.com/aws/aws-sdk-go-v2/service/internal/presigned-url v1.4.0/go.mod h1:X5/JuOxPLU/ogICgDTtnpfaQzdQJO0yKDcpoxWLLJ8Y=
github.com/aws/aws-sdk-go-v2/service/internal/presigned-url v1.5.0 h1:qGZWS/WgiFY+Zgad2u0gwBHpJxz6Ne401JE7iQI1nKs=
github.com/aws/aws-sdk-go-v2/service/internal/presigned-url v1.5.0/go.mod h1:Mq6AEc+oEjCUlBuLiK5YwW4shSOAKCQ3tXN0sQeYoBA=
github.com/aws/aws-sdk-go-v2/service/internal/presigned-url v1.5.1 h1:ZFSfgetO5kf4WXy+a2B8zug6DXGUYjsWacyvwx5cgXU=
github.com/aws/aws-sdk-go-v2/service/internal/presigned-url v1.5.1/go.mod h1:fEaHB2bi+wVZw4uKMHEXTL9LwtT4EL//DOhTeflqIVo=
github.com/aws/aws-sdk-go-v2/service/internal/presigned-url v1.5.2 h1:CKdUNKmuilw/KNmO2Q53Av8u+ZyXMC2M9aX8Z+c/gzg=
github.com/aws/aws-sdk-go-v2/service/internal/presigned-url v1.5.2/go.mod h1:FgR1tCsn8C6+Hf+N5qkfrE4IXvUL1RgW87sunJ+5J4I=
github.com/aws/aws-sdk-go-v2/service/internal/presigned-url v1.9.3 h1:Gh1Gpyh01Yvn7ilO/b/hr01WgNpaszfbKMUgqM186xQ=
github.com/aws/aws-sdk-go-v2/service/internal/presigned-url v1.9.3/go.mod h1:wlY6SVjuwvh3TVRpTqdy4I1JpBFLX4UGeKZdWntaocw=
github.com/aws/aws-sdk-go-v2/service/internal/presigned-url v1.9.8 h1:oKnAXxSF2FUvfgw8uzU/v9OTYorJJZ8eBmWhr9TWVVQ=
github.com/aws/aws-sdk-go-v2/service/internal/presigned-url v1.9.8/go.mod h1:rDVhIMAX9N2r8nWxDUlbubvvaFMnfsm+3jAV7q+rpM4=
github.com/aws/aws-sdk-go-v2/service/sso v1.2.1 h1:alpXc5UG7al7QnttHe/9hfvUfitV8r3w0onPpPkGzi0=
github.com/aws/aws-sdk-go-v2/service/sso v1.2.1/go.mod h1:VimPFPltQ/920i1X0Sb0VJBROLIHkDg2MNP10D46OGs=
github.com/aws/aws-sdk-go-v2/service/sso v1.6.0 h1:JDgKIUZOmLFu/Rv6zXLrVTWCmzA0jcTdvsT8iFIKrAI=
github.com/aws/aws-sdk-go-v2/service/sso v1.6.0/go.mod h1:Q/l0ON1annSU+mc0JybDy1Gy6dnJxIcWjphO6qJPzvM=
github.com/aws/aws-sdk-go-v2/service/sso v1.6.1 h1:NF/qN6e8hdHO/Pt5jN+S65dxFom3b8+ciVdyv8Jr00U=
github.com/aws/aws-sdk-go-v2/service/sso v1.6.1/go.mod h1:/73aFBwUl60wKBKhdth2pEOkut5ZNjVHGF9hjXz0bM0=
github.com/aws/aws-sdk-go-v2/service/sts v1.4.1 h1:9Z00tExoaLutWVDmY6LyvIAcKjHetkbdmpRt4JN/FN0=
github.com/aws/aws-sdk-go-v2/service/sts v1.4.1/go.mod h1:G9osDWA52WQ38BDcj65VY1cNmcAQXAXTsE8IWH8j81w=
github.com/aws/aws-sdk-go-v2/service/sts v1.9.0 h1:rBLCnL8hQ7Sv1S4XCPYgTMI7Uhg81BkvzIiK+/of2zY=
github.com/aws/aws-sdk-go-v2/service/sts v1.9.0/go.mod h1:jLKCFqS+1T4i7HDqCP9GM4Uk75YW1cS0o82LdxpMyOE=
github.com/aws/aws-sdk-go-v2/service/sts v1.10.1 h1:2DKYFOmC7d3WOzdBTFJxfkcMXVVIgcitrpEoJDUKlN4=
github.com/aws/aws-sdk-go-v2/service/sts v1.10.1/go.mod h1:+BmlPeQ1Y+PuIho93MMKDby12PoUnt1SZXQdEHCzSlw=
github.com/aws/smithy-go v1.4.0/go.mod h1:SObp3lf9smib00L/v3U2eAKG8FyQ7iLrJnQiAmR5n+E=
github.com/aws/smithy-go v1.8.1 h1:9Y6qxtzgEODaLNGN+oN2QvcHvKUe4jsH8w4M+8LXzGk=
github.com/aws/smithy-go v1.8.1/go.mod h1:SObp3lf9smib00L/v3U2eAKG8FyQ7iLrJnQiAmR5n+E=
github.com/aws/smithy-go v1.9.0 h1:c7FUdEqrQA1/UVKKCNDFQPNKGp4FQg3YW4Ck5SLTG58=
github.com/aws/smithy-go v1.9.0/go.mod h1:SObp3lf9smib00L/v3U2eAKG8FyQ7iLrJnQiAmR5n+E=
github.com/aws/smithy-go v1.11.2 h1:eG/N+CcUMAvsdffgMvjMKwfyDzIkjM6pfxMJ8Mzc6mE=
github.com/aws/smithy-go v1.11.2/go.mod h1:3xHYmszWVx2c0kIwQeEVf9uSm4fYZt67FBJnwub1bgM=
github.com/aws/smithy-go v1.12.0 h1:gXpeZel/jPoWQ7OEmLIgCUnhkFftqNfwWUwAHSlp1v0=
github.com/aws/smithy-go v1.12.0/go.mod h1:Tg+OJXh4MB2R/uN61Ko2f6hTZwB/ZYGOtib8J3gBHzA=
github.com/davecgh/go-spew v1.1.0/go.mod h1:J7Y8YcW2NihsgmVo/mv3lAwl/skON4iLHjSsI+c5H38=
github.com/davecgh/go-spew v1.1.1 h1:vj9j/u1bqnvCEfJOwUhtlOARqs3+rkHYY13jYWTU97c=
github.com/davecgh/go-spew v1.1.1/go.mod h1:J7Y8YcW2NihsgmVo/mv3lAwl/skON4iLHjSsI+c5H38=
github.com/google/go-cmp v0.5.4/go.mod h1:v8dTdLbMG2kIc/vJvl+f65V22dbkXbowE6jgT/gNBxE=
github.com/google/go-cmp v0.5.6 h1:BKbKCqvP6I+rmFHt06ZmyQtvB8xAkWdhFyr0ZUNZcxQ=
github.com/google/go-cmp v0.5.6/go.mod h1:v8dTdLbMG2kIc/vJvl+f65V22dbkXbowE6jgT/gNBxE=
github.com/google/go-cmp v0.5.7/go.mod h1:n+brtR0CgQNWTVd5ZUFpTBC8YFBDLK/h/bpaJ8/DtOE=
github.com/google/go-cmp v0.5.8/go.mod h1:17dUlkBOakJ0+DkrSSNjCkIjxS6bF9zb3elmeNGIjoY=
github.com/jmespath/go-jmespath v0.4.0 h1:BEgLn5cpjn8UN1mAw4NjwDrS35OdebyEtFe+9YPoQUg=
github.com/jmespath/go-jmespath v0.4.0/go.mod h1:T8mJZnbsbmF+m6zOOFylbeCJqk5+pHWvzYPziyZiYoo=
github.com/jmespath/go-jmespath/internal/testify v1.5.1 h1:shLQSRRSCCPj3f2gpwzGwWFoC7ycTf1rcQZHOlsJ6N8=
github.com/jmespath/go-jmespath/internal/testify v1.5.1/go.mod h1:L3OGu8Wl2/fWfCI6z80xFu9LTZmf1ZRjMHUOPmWr69U=
github.com/mattn/go-runewidth v0.0.9 h1:Lm995f3rfxdpd6TSmuVCHVb/QhupuXlYr8sCI/QdE+0=
github.com/mattn/go-runewidth v0.0.9/go.mod h1:H031xJmbD/WCDINGzjvQ9THkh0rPKHF+m2gUSrubnMI=
github.com/olekukonko/tablewriter v0.0.5 h1:P2Ga83D34wi1o9J6Wh1mRuqd4mF/x/lgBS7N7AbDhec=
github.com/olekukonko/tablewriter v0.0.5/go.mod h1:hPp6KlRPjbx+hW8ykQs1w3UBbZlj6HuIJcUGPhkA7kY=
github.com/pkg/errors v0.9.1 h1:FEBLx1zS214owpjy7qsBeixbURkuhQAwrK5UwLGTwt4=
github.com/pkg/errors v0.9.1/go.mod h1:bwawxfHBFNV+L2hUp1rHADufV3IMtnDRdf1r5NINEl0=
github.com/pmezard/go-difflib v1.0.0 h1:4DBwDE0NGyQoBHbLQYPwSUPoCMWR5BEzIk/f1lZbAQM=
github.com/pmezard/go-difflib v1.0.0/go.mod h1:iKH77koFhYxTK1pcRnkKkqfTogsbg7gZNVY4sRDYZ/4=
github.com/stretchr/objx v0.1.0/go.mod h1:HFkY916IF+rwdDfMAkV7OtwuqBVzrE8GR6GFx+wExME=
github.com/stretchr/testify v1.7.0 h1:nwc3DEeHmmLAfoZucVR881uASk0Mfjw8xYJ99tb5CcY=
github.com/stretchr/testify v1.7.0/go.mod h1:6Fq8oRcR53rry900zMqJjRRixrwX3KX962/h/Wwjteg=
github.com/stretchr/testify v1.7.2/go.mod h1:R6va5+xMeoiuVRoj+gSkQ7d3FALtqAAGI1FQKckRals=
golang.org/x/xerrors v0.0.0-20191204190536-9bdfabe68543 h1:E7g+9GITq07hpfrRu66IVDexMakfv52eLZ2CXBWiKr4=
golang.org/x/xerrors v0.0.0-20191204190536-9bdfabe68543/go.mod h1:I/5z698sn9Ka8TeJc9MKroUUfqBBauWjQqLJ2OPfmY0=
gopkg.in/check.v1 v0.0.0-20161208181325-20d25e280405/go.mod h1:Co6ibVJAznAaIkqp8huTwlJQCZ016jof/cbN4VW5Yz0=
gopkg.in/yaml.v2 v2.2.8 h1:obN1ZagJSUGI0Ek/LBmuj4SNLPfIny3KsKFopxRdj10=
gopkg.in/yaml.v2 v2.2.8/go.mod h1:hI93XBmqTisBFMUTm0b8Fm+jr3Dg1NNxqwp+5A1VGuI=
gopkg.in/yaml.v3 v3.0.0-20200313102051-9f266ea9e77c/go.mod h1:K4uyk7z7BCEPqu6E+C64Yfv1cQ7kz7rIZviUmN+EgEM=
gopkg.in/yaml.v3 v3.0.0-20210107192922-496545a6307b h1:h8qDotaEPuJATrMmW04NCwg7v22aHH28wwpauUhK9Oo=
gopkg.in/yaml.v3 v3.0.0-20210107192922-496545a6307b/go.mod h1:K4uyk7z7BCEPqu6E+C64Yfv1cQ7kz7rIZviUmN+EgEM=
gopkg.in/yaml.v3 v3.0.1/go.mod h1:K4uyk7z7BCEPqu6E+C64Yfv1cQ7kz7rIZviUmN+EgEM=
